Microsoft Visual Studio Solution File, Format Version 12.00
# Visual Studio Version 17
VisualStudioVersion = 17.8.34330.188
MinimumVisualStudioVersion = 10.0.40219.1
Project("{FAE04EC0-301F-11D3-BF4B-00C04F79EFBC}") = "MonopolyTycoon.Presentation.Core", "MonopolyTycoon.Presentation.Core.csproj", "{B1A2C3D4-E5F6-7890-1234-567890ABCDEF}"
EndProject
Project("{FAE04EC0-301F-11D3-BF4B-00C04F79EFBC}") = "MonopolyTycoon.Presentation.Features.GameBoard", "MonopolyTycoon.Presentation.Features.GameBoard.csproj", "{C5D6E7F8-1234-ABCD-EFGH-IJKLMNOPQRST}"
EndProject
Project("{FAE04EC0-301F-11D3-BF4B-00C04F79EFBC}") = "MonopolyTycoon.Presentation.Core.Tests", "MonopolyTycoon.Presentation.Core.Tests.csproj", "{D9E8F7A6-5432-FEDC-BA98-76543210FEDC}"
EndProject
Project("{FAE04EC0-301F-11D3-BF4B-00C04F79EFBC}") = "MonopolyTycoon.Presentation.Features.Tests", "MonopolyTycoon.Presentation.Features.Tests.csproj", "{F1E2D3C4-B5A6-9876-5432-10FEDCBA9876}"
EndProject
Global
	GlobalSection(SolutionConfigurationPlatforms) = preSolution
		Debug|Any CPU = Debug|Any CPU
		Release|Any CPU = Release|Any CPU
	EndGlobalSection
	GlobalSection(ProjectConfigurationPlatforms) = postSolution
		{B1A2C3D4-E5F6-7890-1234-567890ABCDEF}.Debug|Any CPU.ActiveCfg = Debug|Any CPU
		{B1A2C3D4-E5F6-7890-1234-567890ABCDEF}.Debug|Any CPU.Build.0 = Debug|Any CPU
		{B1A2C3D4-E5F6-7890-1234-567890ABCDEF}.Release|Any CPU.ActiveCfg = Release|Any CPU
		{B1A2C3D4-E5F6-7890-1234-567890ABCDEF}.Release|Any CPU.Build.0 = Release|Any CPU
		{C5D6E7F8-1234-ABCD-EFGH-IJKLMNOPQRST}.Debug|Any CPU.ActiveCfg = Debug|Any CPU
		{C5D6E7F8-1234-ABCD-EFGH-IJKLMNOPQRST}.Debug|Any CPU.Build.0 = Debug|Any CPU
		{C5D6E7F8-1234-ABCD-EFGH-IJKLMNOPQRST}.Release|Any CPU.ActiveCfg = Release|Any CPU
		{C5D6E7F8-1234-ABCD-EFGH-IJKLMNOPQRST}.Release|Any CPU.Build.0 = Release|Any CPU
		{D9E8F7A6-5432-FEDC-BA98-76543210FEDC}.Debug|Any CPU.ActiveCfg = Debug|Any CPU
		{D9E8F7A6-5432-FEDC-BA98-76543210FEDC}.Debug|Any CPU.Build.0 = Debug|Any CPU
		{D9E8F7A6-5432-FEDC-BA98-76543210FEDC}.Release|Any CPU.ActiveCfg = Release|Any CPU
		{D9E8F7A6-5432-FEDC-BA98-76543210FEDC}.Release|Any CPU.Build.0 = Release|Any CPU
		{F1E2D3C4-B5A6-9876-5432-10FEDCBA9876}.Debug|Any CPU.ActiveCfg = Debug|Any CPU
		{F1E2D3C4-B5A6-9876-5432-10FEDCBA9876}.Debug|Any CPU.Build.0 = Debug|Any CPU
		{F1E2D3C4-B5A6-9876-5432-10FEDCBA9876}.Release|Any CPU.ActiveCfg = Release|Any CPU
		{F1E2D3C4-B5A6-9876-5432-10FEDCBA9876}.Release|Any CPU.Build.0 = Release|Any CPU
	EndGlobalSection
	GlobalSection(SolutionProperties) = preSolution
		HideSolutionNode = FALSE
	EndGlobalSection
	GlobalSection(ExtensibilityGlobals) = postSolution
		SolutionGuid = {A0B1C2D3-E4F5-6789-0123-456789ABCDEF}
	EndGlobalSection
EndGlobal