Microsoft Visual Studio Solution File, Format Version 12.00
# Visual Studio Version 17
VisualStudioVersion = 17.8.34330.188
MinimumVisualStudioVersion = 10.0.40219.1
Project("{9A19103F-16F7-4668-BE54-9A1E7A4F7556}") = "MonopolyTycoon.Infrastructure.Logging", "src\MonopolyTycoon.Infrastructure.Logging\MonopolyTycoon.Infrastructure.Logging.csproj", "{A4B0C2D2-1B6A-4A8E-9E7D-5B54D3F9A1F0}"
EndProject
Project("{9A19103F-16F7-4668-BE54-9A1E7A4F7556}") = "MonopolyTycoon.Infrastructure.Logging.Tests", "tests\MonopolyTycoon.Infrastructure.Logging.Tests\MonopolyTycoon.Infrastructure.Logging.Tests.csproj", "{C8F5B7A1-3D9F-4C8E-8B5B-9A2E6D4E7F3C}"
EndProject
Global
	GlobalSection(SolutionConfigurationPlatforms) = preSolution
		Debug|Any CPU = Debug|Any CPU
		Release|Any CPU = Release|Any CPU
	EndGlobalSection
	GlobalSection(ProjectConfigurationPlatforms) = postSolution
		{A4B0C2D2-1B6A-4A8E-9E7D-5B54D3F9A1F0}.Debug|Any CPU.ActiveCfg = Debug|Any CPU
		{A4B0C2D2-1B6A-4A8E-9E7D-5B54D3F9A1F0}.Debug|Any CPU.Build.0 = Debug|Any CPU
		{A4B0C2D2-1B6A-4A8E-9E7D-5B54D3F9A1F0}.Release|Any CPU.ActiveCfg = Release|Any CPU
		{A4B0C2D2-1B6A-4A8E-9E7D-5B54D3F9A1F0}.Release|Any CPU.Build.0 = Release|Any CPU
		{C8F5B7A1-3D9F-4C8E-8B5B-9A2E6D4E7F3C}.Debug|Any CPU.ActiveCfg = Debug|Any CPU
		{C8F5B7A1-3D9F-4C8E-8B5B-9A2E6D4E7F3C}.Debug|Any CPU.Build.0 = Debug|Any CPU
		{C8F5B7A1-3D9F-4C8E-8B5B-9A2E6D4E7F3C}.Release|Any CPU.ActiveCfg = Release|Any CPU
		{C8F5B7A1-3D9F-4C8E-8B5B-9A2E6D4E7F3C}.Release|Any CPU.Build.0 = Release|Any CPU
	EndGlobalSection
	GlobalSection(SolutionProperties) = preSolution
		HideSolutionNode = FALSE
	EndGlobalSection
	GlobalSection(ExtensibilityGlobals) = postSolution
		SolutionGuid = {F9D8E8A3-5B4C-4E6F-8A9D-2C1B0E7D6F5A}
	EndGlobalSection
EndGlobal